
Microsoft Visual Studio Solution File, Format Version 12.00
# Visual Studio 15
VisualStudioVersion = 15.0.28010.2026
MinimumVisualStudioVersion = 10.0.40219.1
Project("{FAE04EC0-301F-11D3-BF4B-00C04F79EFBC}") = "MOCourseProject", "MOCourseProject\MOCourseProject.csproj", "{945CCA83-46C5-43C2-9A3B-D315FFA6469B}"
EndProject
Global
	GlobalSection(SolutionConfigurationPlatforms) = preSolution
		Debug|Any CPU = Debug|Any CPU
		Release|Any CPU = Release|Any CPU
	EndGlobalSection
	GlobalSection(ProjectConfigurationPlatforms) = postSolution
		{945CCA83-46C5-43C2-9A3B-D315FFA6469B}.Debug|Any CPU.ActiveCfg = Debug|Any CPU
		{945CCA83-46C5-43C2-9A3B-D315FFA6469B}.Debug|Any CPU.Build.0 = Debug|Any CPU
		{945CCA83-46C5-43C2-9A3B-D315FFA6469B}.Release|Any CPU.ActiveCfg = Release|Any CPU
		{945CCA83-46C5-43C2-9A3B-D315FFA6469B}.Release|Any CPU.Build.0 = Release|Any CPU
	EndGlobalSection
	GlobalSection(SolutionProperties) = preSolution
		HideSolutionNode = FALSE
	EndGlobalSection
	GlobalSection(ExtensibilityGlobals) = postSolution
		SolutionGuid = {12511656-2B89-4F41-9AD5-8335EBBBD2F0}
	EndGlobalSection
EndGlobal
